Microsoft Visual Studio Solution File, Format Version 12.00
# Visual Studio Version 17
VisualStudioVersion = 17.5.2.0
MinimumVisualStudioVersion = 10.0.40219.1
Project("{FAE04EC0-301F-11D3-BF4B-00C04F79EFBC}") = "BrodcastChatServer", "BrodcastChatServer.csproj", "{B030A317-8361-E43F-E7A2-46701CD0DF0C}"
EndProject
Global
	GlobalSection(SolutionConfigurationPlatforms) = preSolution
		Debug|Any CPU = Debug|Any CPU
		Release|Any CPU = Release|Any CPU
	EndGlobalSection
	GlobalSection(ProjectConfigurationPlatforms) = postSolution
		{B030A317-8361-E43F-E7A2-46701CD0DF0C}.Debug|Any CPU.ActiveCfg = Debug|Any CPU
		{B030A317-8361-E43F-E7A2-46701CD0DF0C}.Debug|Any CPU.Build.0 = Debug|Any CPU
		{B030A317-8361-E43F-E7A2-46701CD0DF0C}.Release|Any CPU.ActiveCfg = Release|Any CPU
		{B030A317-8361-E43F-E7A2-46701CD0DF0C}.Release|Any CPU.Build.0 = Release|Any CPU
	EndGlobalSection
	GlobalSection(SolutionProperties) = preSolution
		HideSolutionNode = FALSE
	EndGlobalSection
	GlobalSection(ExtensibilityGlobals) = postSolution
		SolutionGuid = {5EC85DCB-1EF6-4DB5-8E57-8028D5DC13AA}
	EndGlobalSection
EndGlobal
